// !$*UTF8*$!
{
	archiveVersion = 1;
	classes = {
	};
	objectVersion = 77;
	objects = {

/* Begin PBXBuildFile section */
		C05765BC2DD8FCAB00FEF66A /* GCSMiddleware.plugin in Frameworks */ = {isa = PBXBuildFile; fileRef = C058EF892DCFA10A002775E0 /* GCSMiddleware.plugin */; };
/* End PBXBuildFile section */

/* Begin PBXContainerItemProxy section */
		C05765BD2DD8FCAB00FEF66A /* PBXContainerItemProxy */ = {
			isa = PBXContainerItemProxy;
			containerPortal = C058EF812DCFA10A002775E0 /* Project object */;
			proxyType = 1;
			remoteGlobalIDString = C058EF882DCFA10A002775E0;
			remoteInfo = DemoMiddleware;
		};
/* End PBXContainerItemProxy section */

/* Begin PBXFileReference section */
		C05765B82DD8FCAB00FEF66A /* GCSMiddlewareTests.xctest */ = {isa = PBXFileReference; explicitFileType = wrapper.cfbundle; includeInIndex = 0; path = GCSMiddlewareTests.xctest; sourceTree = BUILT_PRODUCTS_DIR; };
		C058EF892DCFA10A002775E0 /* GCSMiddleware.plugin */ = {isa = PBXFileReference; explicitFileType = "compiled.mach-o.dylib"; includeInIndex = 0; path = GCSMiddleware.plugin; sourceTree = BUILT_PRODUCTS_DIR; };
/* End PBXFileReference section */

/* Begin PBXFileSystemSynchronizedBuildFileExceptionSet section */
		C05765C32DD8FCD300FEF66A /* Exceptions for "GCSMiddleware" folder in "GCSMiddlewareTests" target */ = {
			isa = PBXFileSystemSynchronizedBuildFileExceptionSet;
			membershipExceptions = (
				GCSMiddleware.swift,
				MiddlewareProtocol.swift,
				RSAUtils.swift,
				URLutils.swift,
			);
			target = C05765B72DD8FCAB00FEF66A /* GCSMiddlewareTests */;
		};
/* End PBXFileSystemSynchronizedBuildFileExceptionSet section */

/* Begin PBXFileSystemSynchronizedRootGroup section */
		C05765B92DD8FCAB00FEF66A /* GCSMiddlewareTests */ = {
			isa = PBXFileSystemSynchronizedRootGroup;
			path = GCSMiddlewareTests;
			sourceTree = "<group>";
		};
		C058EF8B2DCFA10A002775E0 /* GCSMiddleware */ = {
			isa = PBXFileSystemSynchronizedRootGroup;
			exceptions = (
				C05765C32DD8FCD300FEF66A /* Exceptions for "GCSMiddleware" folder in "GCSMiddlewareTests" target */,
			);
			path = GCSMiddleware;
			sourceTree = "<group>";
		};
/* End PBXFileSystemSynchronizedRootGroup section */

/* Begin PBXFrameworksBuildPhase section */
		C05765B52DD8FCAB00FEF66A /* Frameworks */ = {
			isa = PBXFrameworksBuildPhase;
			buildActionMask = 2147483647;
			files = (
				C05765BC2DD8FCAB00FEF66A /* GCSMiddleware.plugin in Frameworks */,
			);
			runOnlyForDeploymentPostprocessing = 0;
		};
		C058EF872DCFA10A002775E0 /* Frameworks */ = {
			isa = PBXFrameworksBuildPhase;
			buildActionMask = 2147483647;
			files = (
			);
			runOnlyForDeploymentPostprocessing = 0;
		};
/* End PBXFrameworksBuildPhase section */

/* Begin PBXGroup section */
		C058EF802DCFA10A002775E0 = {
			isa = PBXGroup;
			children = (
				C058EF8B2DCFA10A002775E0 /* GCSMiddleware */,
				C05765B92DD8FCAB00FEF66A /* GCSMiddlewareTests */,
				C058EF8A2DCFA10A002775E0 /* Products */,
			);
			sourceTree = "<group>";
		};
		C058EF8A2DCFA10A002775E0 /* Products */ = {
			isa = PBXGroup;
			children = (
				C058EF892DCFA10A002775E0 /* GCSMiddleware.plugin */,
				C05765B82DD8FCAB00FEF66A /* GCSMiddlewareTests.xctest */,
			);
			name = Products;
			sourceTree = "<group>";
		};
/* End PBXGroup section */

/* Begin PBXHeadersBuildPhase section */
		C058EF852DCFA10A002775E0 /* Headers */ = {
			isa = PBXHeadersBuildPhase;
			buildActionMask = 2147483647;
			files = (
			);
			runOnlyForDeploymentPostprocessing = 0;
		};
/* End PBXHeadersBuildPhase section */

/* Begin PBXNativeTarget section */
		C05765B72DD8FCAB00FEF66A /* GCSMiddlewareTests */ = {
			isa = PBXNativeTarget;
			buildConfigurationList = C05765BF2DD8FCAB00FEF66A /* Build configuration list for PBXNativeTarget "GCSMiddlewareTests" */;
			buildPhases = (
				C05765B42DD8FCAB00FEF66A /* Sources */,
				C05765B52DD8FCAB00FEF66A /* Frameworks */,
				C05765B62DD8FCAB00FEF66A /* Resources */,
			);
			buildRules = (
			);
			dependencies = (
				C05765BE2DD8FCAB00FEF66A /* PBXTargetDependency */,
			);
			fileSystemSynchronizedGroups = (
				C05765B92DD8FCAB00FEF66A /* GCSMiddlewareTests */,
			);
			name = GCSMiddlewareTests;
			packageProductDependencies = (
			);
			productName = GCSMiddlewareTests;
			productReference = C05765B82DD8FCAB00FEF66A /* GCSMiddlewareTests.xctest */;
			productType = "com.apple.product-type.bundle.unit-test";
		};
		C058EF882DCFA10A002775E0 /* GCSMiddleware */ = {
			isa = PBXNativeTarget;
			buildConfigurationList = C058EF922DCFA10A002775E0 /* Build configuration list for PBXNativeTarget "GCSMiddleware" */;
			buildPhases = (
				C058EF852DCFA10A002775E0 /* Headers */,
				C058EF862DCFA10A002775E0 /* Sources */,
				C058EF872DCFA10A002775E0 /* Frameworks */,
			);
			buildRules = (
			);
			dependencies = (
			);
			fileSystemSynchronizedGroups = (
				C058EF8B2DCFA10A002775E0 /* GCSMiddleware */,
			);
			name = GCSMiddleware;
			packageProductDependencies = (
			);
			productName = s3Middleware;
			productReference = C058EF892DCFA10A002775E0 /* GCSMiddleware.plugin */;
			productType = "com.apple.product-type.library.dynamic";
		};
/* End PBXNativeTarget section */

/* Begin PBXProject section */
		C058EF812DCFA10A002775E0 /* Project object */ = {
			isa = PBXProject;
			attributes = {
				BuildIndependentTargetsInParallel = 1;
				LastSwiftUpdateCheck = 1630;
				LastUpgradeCheck = 1630;
				TargetAttributes = {
					C05765B72DD8FCAB00FEF66A = {
						CreatedOnToolsVersion = 16.3;
					};
					C058EF882DCFA10A002775E0 = {
						CreatedOnToolsVersion = 16.3;
						LastSwiftMigration = 1630;
					};
				};
			};
			buildConfigurationList = C058EF842DCFA10A002775E0 /* Build configuration list for PBXProject "GCSMiddleware" */;
			developmentRegion = en;
			hasScannedForEncodings = 0;
			knownRegions = (
				en,
				Base,
			);
			mainGroup = C058EF802DCFA10A002775E0;
			minimizedProjectReferenceProxies = 1;
			preferredProjectObjectVersion = 77;
			productRefGroup = C058EF8A2DCFA10A002775E0 /* Products */;
			projectDirPath = "";
			projectRoot = "";
			targets = (
				C058EF882DCFA10A002775E0 /* GCSMiddleware */,
				C05765B72DD8FCAB00FEF66A /* GCSMiddlewareTests */,
			);
		};
/* End PBXProject section */

/* Begin PBXResourcesBuildPhase section */
		C05765B62DD8FCAB00FEF66A /* Resources */ = {
			isa = PBXResourcesBuildPhase;
			buildActionMask = 2147483647;
			files = (
			);
			runOnlyForDeploymentPostprocessing = 0;
		};
/* End PBXResourcesBuildPhase section */

/* Begin PBXSourcesBuildPhase section */
		C05765B42DD8FCAB00FEF66A /* Sources */ = {
			isa = PBXSourcesBuildPhase;
			buildActionMask = 2147483647;
			files = (
			);
			runOnlyForDeploymentPostprocessing = 0;
		};
		C058EF862DCFA10A002775E0 /* Sources */ = {
			isa = PBXSourcesBuildPhase;
			buildActionMask = 2147483647;
			files = (
			);
			runOnlyForDeploymentPostprocessing = 0;
		};
/* End PBXSourcesBuildPhase section */

/* Begin PBXTargetDependency section */
		C05765BE2DD8FCAB00FEF66A /* PBXTargetDependency */ = {
			isa = PBXTargetDependency;
			target = C058EF882DCFA10A002775E0 /* GCSMiddleware */;
			targetProxy = C05765BD2DD8FCAB00FEF66A /* PBXContainerItemProxy */;
		};
/* End PBXTargetDependency section */

/* Begin XCBuildConfiguration section */
		C05765C02DD8FCAB00FEF66A /* Debug */ = {
			isa = XCBuildConfiguration;
			buildSettings = {
				CODE_SIGN_STYLE = Automatic;
				CURRENT_PROJECT_VERSION = 1;
				GENERATE_INFOPLIST_FILE = YES;
				MARKETING_VERSION = 1.0;
				PRODUCT_BUNDLE_IDENTIFIER = com.googlecode.munki.GCSMiddlewareTests;
				PRODUCT_NAME = "$(TARGET_NAME)";
				SWIFT_ACTIVE_COMPILATION_CONDITIONS = "DEBUG $(inherited)";
				SWIFT_EMIT_LOC_STRINGS = NO;
				SWIFT_OPTIMIZATION_LEVEL = "-Onone";
				SWIFT_VERSION = 5.0;
			};
			name = Debug;
		};
		C05765C12DD8FCAB00FEF66A /* Release */ = {
			isa = XCBuildConfiguration;
			buildSettings = {
				CODE_SIGN_STYLE = Automatic;
				CURRENT_PROJECT_VERSION = 1;
				GENERATE_INFOPLIST_FILE = YES;
				MARKETING_VERSION = 1.0;
				PRODUCT_BUNDLE_IDENTIFIER = com.googlecode.munki.GCSMiddlewareTests;
				PRODUCT_NAME = "$(TARGET_NAME)";
				SWIFT_COMPILATION_MODE = wholemodule;
				SWIFT_EMIT_LOC_STRINGS = NO;
				SWIFT_VERSION = 5.0;
			};
			name = Release;
		};
		C058EF902DCFA10A002775E0 /* Debug */ = {
			isa = XCBuildConfiguration;
			buildSettings = {
				ALWAYS_SEARCH_USER_PATHS = NO;
				ASSETCATALOG_COMPILER_GENERATE_SWIFT_ASSET_SYMBOL_EXTENSIONS = YES;
				CLANG_ANALYZER_NONNULL = YES;
				CLANG_ANALYZER_NUMBER_OBJECT_CONVERSION = YES_AGGRESSIVE;
				CLANG_CXX_LANGUAGE_STANDARD = "gnu++20";
				CLANG_ENABLE_MODULES = YES;
				CLANG_ENABLE_OBJC_ARC = YES;
				CLANG_ENABLE_OBJC_WEAK = YES;
				CLANG_WARN_BLOCK_CAPTURE_AUTORELEASING = YES;
				CLANG_WARN_BOOL_CONVERSION = YES;
				CLANG_WARN_COMMA = YES;
				CLANG_WARN_CONSTANT_CONVERSION = YES;
				CLANG_WARN_DEPRECATED_OBJC_IMPLEMENTATIONS = YES;
				CLANG_WARN_DIRECT_OBJC_ISA_USAGE = YES_ERROR;
				CLANG_WARN_DOCUMENTATION_COMMENTS = YES;
				CLANG_WARN_EMPTY_BODY = YES;
				CLANG_WARN_ENUM_CONVERSION = YES;
				CLANG_WARN_INFINITE_RECURSION = YES;
				CLANG_WARN_INT_CONVERSION = YES;
				CLANG_WARN_NON_LITERAL_NULL_CONVERSION = YES;
				CLANG_WARN_OBJC_IMPLICIT_RETAIN_SELF = YES;
				CLANG_WARN_OBJC_LITERAL_CONVERSION = YES;
				CLANG_WARN_OBJC_ROOT_CLASS = YES_ERROR;
				CLANG_WARN_QUOTED_INCLUDE_IN_FRAMEWORK_HEADER = YES;
				CLANG_WARN_RANGE_LOOP_ANALYSIS = YES;
				CLANG_WARN_STRICT_PROTOTYPES = YES;
				CLANG_WARN_SUSPICIOUS_MOVE = YES;
				CLANG_WARN_UNGUARDED_AVAILABILITY = YES_AGGRESSIVE;
				CLANG_WARN_UNREACHABLE_CODE = YES;
				CLANG_WARN__DUPLICATE_METHOD_MATCH = YES;
				COPY_PHASE_STRIP = NO;
				DEBUG_INFORMATION_FORMAT = dwarf;
				ENABLE_STRICT_OBJC_MSGSEND = YES;
				ENABLE_TESTABILITY = YES;
				ENABLE_USER_SCRIPT_SANDBOXING = YES;
				GCC_C_LANGUAGE_STANDARD = gnu17;
				GCC_DYNAMIC_NO_PIC = NO;
				GCC_NO_COMMON_BLOCKS = YES;
				GCC_OPTIMIZATION_LEVEL = 0;
				GCC_PREPROCESSOR_DEFINITIONS = (
					"DEBUG=1",
					"$(inherited)",
				);
				GCC_WARN_64_TO_32_BIT_CONVERSION = YES;
				GCC_WARN_ABOUT_RETURN_TYPE = YES_ERROR;
				GCC_WARN_UNDECLARED_SELECTOR = YES;
				GCC_WARN_UNINITIALIZED_AUTOS = YES_AGGRESSIVE;
				GCC_WARN_UNUSED_FUNCTION = YES;
				GCC_WARN_UNUSED_VARIABLE = YES;
				LOCALIZATION_PREFERS_STRING_CATALOGS = YES;
				MACOSX_DEPLOYMENT_TARGET = 15.4;
				MTL_ENABLE_DEBUG_INFO = INCLUDE_SOURCE;
				MTL_FAST_MATH = YES;
				ONLY_ACTIVE_ARCH = YES;
				SDKROOT = macosx;
			};
			name = Debug;
		};
		C058EF912DCFA10A002775E0 /* Release */ = {
			isa = XCBuildConfiguration;
			buildSettings = {
				ALWAYS_SEARCH_USER_PATHS = NO;
				ASSETCATALOG_COMPILER_GENERATE_SWIFT_ASSET_SYMBOL_EXTENSIONS = YES;
				CLANG_ANALYZER_NONNULL = YES;
				CLANG_ANALYZER_NUMBER_OBJECT_CONVERSION = YES_AGGRESSIVE;
				CLANG_CXX_LANGUAGE_STANDARD = "gnu++20";
				CLANG_ENABLE_MODULES = YES;
				CLANG_ENABLE_OBJC_ARC = YES;
				CLANG_ENABLE_OBJC_WEAK = YES;
				CLANG_WARN_BLOCK_CAPTURE_AUTORELEASING = YES;
				CLANG_WARN_BOOL_CONVERSION = YES;
				CLANG_WARN_COMMA = YES;
				CLANG_WARN_CONSTANT_CONVERSION = YES;
				CLANG_WARN_DEPRECATED_OBJC_IMPLEMENTATIONS = YES;
				CLANG_WARN_DIRECT_OBJC_ISA_USAGE = YES_ERROR;
				CLANG_WARN_DOCUMENTATION_COMMENTS = YES;
				CLANG_WARN_EMPTY_BODY = YES;
				CLANG_WARN_ENUM_CONVERSION = YES;
				CLANG_WARN_INFINITE_RECURSION = YES;
				CLANG_WARN_INT_CONVERSION = YES;
				CLANG_WARN_NON_LITERAL_NULL_CONVERSION = YES;
				CLANG_WARN_OBJC_IMPLICIT_RETAIN_SELF = YES;
				CLANG_WARN_OBJC_LITERAL_CONVERSION = YES;
				CLANG_WARN_OBJC_ROOT_CLASS = YES_ERROR;
				CLANG_WARN_QUOTED_INCLUDE_IN_FRAMEWORK_HEADER = YES;
				CLANG_WARN_RANGE_LOOP_ANALYSIS = YES;
				CLANG_WARN_STRICT_PROTOTYPES = YES;
				CLANG_WARN_SUSPICIOUS_MOVE = YES;
				CLANG_WARN_UNGUARDED_AVAILABILITY = YES_AGGRESSIVE;
				CLANG_WARN_UNREACHABLE_CODE = YES;
				CLANG_WARN__DUPLICATE_METHOD_MATCH = YES;
				COPY_PHASE_STRIP = NO;
				DEBUG_INFORMATION_FORMAT = "dwarf-with-dsym";
				ENABLE_NS_ASSERTIONS = NO;
				ENABLE_STRICT_OBJC_MSGSEND = YES;
				ENABLE_USER_SCRIPT_SANDBOXING = YES;
				GCC_C_LANGUAGE_STANDARD = gnu17;
				GCC_NO_COMMON_BLOCKS = YES;
				GCC_WARN_64_TO_32_BIT_CONVERSION = YES;
				GCC_WARN_ABOUT_RETURN_TYPE = YES_ERROR;
				GCC_WARN_UNDECLARED_SELECTOR = YES;
				GCC_WARN_UNINITIALIZED_AUTOS = YES_AGGRESSIVE;
				GCC_WARN_UNUSED_FUNCTION = YES;
				GCC_WARN_UNUSED_VARIABLE = YES;
				LOCALIZATION_PREFERS_STRING_CATALOGS = YES;
				MACOSX_DEPLOYMENT_TARGET = 15.4;
				MTL_ENABLE_DEBUG_INFO = NO;
				MTL_FAST_MATH = YES;
				SDKROOT = macosx;
			};
			name = Release;
		};
		C058EF932DCFA10A002775E0 /* Debug */ = {
			isa = XCBuildConfiguration;
			buildSettings = {
				CLANG_ENABLE_MODULES = YES;
				CODE_SIGN_STYLE = Automatic;
				DYLIB_COMPATIBILITY_VERSION = 1;
				DYLIB_CURRENT_VERSION = 1;
				EXECUTABLE_EXTENSION = plugin;
				EXECUTABLE_PREFIX = "";
				MACOSX_DEPLOYMENT_TARGET = 10.15;
				PRODUCT_NAME = "$(TARGET_NAME)";
				SKIP_INSTALL = YES;
				SWIFT_OPTIMIZATION_LEVEL = "-Onone";
				SWIFT_VERSION = 5.0;
			};
			name = Debug;
		};
		C058EF942DCFA10A002775E0 /* Release */ = {
			isa = XCBuildConfiguration;
			buildSettings = {
				CLANG_ENABLE_MODULES = YES;
				CODE_SIGN_STYLE = Automatic;
				DYLIB_COMPATIBILITY_VERSION = 1;
				DYLIB_CURRENT_VERSION = 1;
				EXECUTABLE_EXTENSION = plugin;
				EXECUTABLE_PREFIX = "";
				MACOSX_DEPLOYMENT_TARGET = 10.15;
				PRODUCT_NAME = "$(TARGET_NAME)";
				SKIP_INSTALL = YES;
				SWIFT_VERSION = 5.0;
			};
			name = Release;
		};
/* End XCBuildConfiguration section */

/* Begin XCConfigurationList section */
		C05765BF2DD8FCAB00FEF66A /* Build configuration list for PBXNativeTarget "GCSMiddlewareTests" */ = {
			isa = XCConfigurationList;
			buildConfigurations = (
				C05765C02DD8FCAB00FEF66A /* Debug */,
				C05765C12DD8FCAB00FEF66A /* Release */,
			);
			defaultConfigurationIsVisible = 0;
			defaultConfigurationName = Release;
		};
		C058EF842DCFA10A002775E0 /* Build configuration list for PBXProject "GCSMiddleware" */ = {
			isa = XCConfigurationList;
			buildConfigurations = (
				C058EF902DCFA10A002775E0 /* Debug */,
				C058EF912DCFA10A002775E0 /* Release */,
			);
			defaultConfigurationIsVisible = 0;
			defaultConfigurationName = Release;
		};
		C058EF922DCFA10A002775E0 /* Build configuration list for PBXNativeTarget "GCSMiddleware" */ = {
			isa = XCConfigurationList;
			buildConfigurations = (
				C058EF932DCFA10A002775E0 /* Debug */,
				C058EF942DCFA10A002775E0 /* Release */,
			);
			defaultConfigurationIsVisible = 0;
			defaultConfigurationName = Release;
		};
/* End XCConfigurationList section */
	};
	rootObject = C058EF812DCFA10A002775E0 /* Project object */;
}
